
Microsoft Visual Studio Solution File, Format Version 12.00
# Visual Studio Version 17
VisualStudioVersion = 17.8.34112.27
MinimumVisualStudioVersion = 10.0.40219.1
Project("{9A19103F-16F7-4668-BE54-9A1E7A4F7556}") = "Matrix", "MatrixLibrary\Matrix.csproj", "{30C46216-6D74-499D-9E12-851E7BAD9AC7}"
EndProject
Project("{9A19103F-16F7-4668-BE54-9A1E7A4F7556}") = "Matrix.Console", "MatrixTrace\Matrix.Console.csproj", "{2FBA6BDA-C322-4EF7-85DB-439724ABAD13}"
EndProject
Project("{9A19103F-16F7-4668-BE54-9A1E7A4F7556}") = "Matrix.Tests", "MatrixTests\Matrix.Tests.csproj", "{306606C9-333A-4FD4-9BAC-8BCDBDBC68B2}"
	ProjectSection(ProjectDependencies) = postProject
		{30C46216-6D74-499D-9E12-851E7BAD9AC7} = {30C46216-6D74-499D-9E12-851E7BAD9AC7}
	EndProjectSection
EndProject
Global
	GlobalSection(SolutionConfigurationPlatforms) = preSolution
		Debug|Any CPU = Debug|Any CPU
		Release|Any CPU = Release|Any CPU
	EndGlobalSection
	GlobalSection(ProjectConfigurationPlatforms) = postSolution
		{30C46216-6D74-499D-9E12-851E7BAD9AC7}.Debug|Any CPU.ActiveCfg = Debug|Any CPU
		{30C46216-6D74-499D-9E12-851E7BAD9AC7}.Debug|Any CPU.Build.0 = Debug|Any CPU
		{30C46216-6D74-499D-9E12-851E7BAD9AC7}.Release|Any CPU.ActiveCfg = Release|Any CPU
		{30C46216-6D74-499D-9E12-851E7BAD9AC7}.Release|Any CPU.Build.0 = Release|Any CPU
		{2FBA6BDA-C322-4EF7-85DB-439724ABAD13}.Debug|Any CPU.ActiveCfg = Debug|Any CPU
		{2FBA6BDA-C322-4EF7-85DB-439724ABAD13}.Debug|Any CPU.Build.0 = Debug|Any CPU
		{2FBA6BDA-C322-4EF7-85DB-439724ABAD13}.Release|Any CPU.ActiveCfg = Release|Any CPU
		{2FBA6BDA-C322-4EF7-85DB-439724ABAD13}.Release|Any CPU.Build.0 = Release|Any CPU
		{306606C9-333A-4FD4-9BAC-8BCDBDBC68B2}.Debug|Any CPU.ActiveCfg = Debug|Any CPU
		{306606C9-333A-4FD4-9BAC-8BCDBDBC68B2}.Debug|Any CPU.Build.0 = Debug|Any CPU
		{306606C9-333A-4FD4-9BAC-8BCDBDBC68B2}.Release|Any CPU.ActiveCfg = Release|Any CPU
		{306606C9-333A-4FD4-9BAC-8BCDBDBC68B2}.Release|Any CPU.Build.0 = Release|Any CPU
	EndGlobalSection
	GlobalSection(SolutionProperties) = preSolution
		HideSolutionNode = FALSE
	EndGlobalSection
	GlobalSection(ExtensibilityGlobals) = postSolution
		SolutionGuid = {D575A233-F33B-4518-B60C-C69F77F5777D}
	EndGlobalSection
EndGlobal
